
Microsoft Visual Studio Solution File, Format Version 12.00
# Visual Studio Version 16
VisualStudioVersion = 16.0.31205.134
MinimumVisualStudioVersion = 10.0.40219.1
Project("{FAE04EC0-301F-11D3-BF4B-00C04F79EFBC}") = "WpfParametri", "WpfParametri\WpfParametri.csproj", "{CF199FFA-A551-4E69-B849-147E93CCEC73}"
EndProject
Global
	GlobalSection(SolutionConfigurationPlatforms) = preSolution
		Debug|Any CPU = Debug|Any CPU
		Release|Any CPU = Release|Any CPU
	EndGlobalSection
	GlobalSection(ProjectConfigurationPlatforms) = postSolution
		{CF199FFA-A551-4E69-B849-147E93CCEC73}.Debug|Any CPU.ActiveCfg = Debug|Any CPU
		{CF199FFA-A551-4E69-B849-147E93CCEC73}.Debug|Any CPU.Build.0 = Debug|Any CPU
		{CF199FFA-A551-4E69-B849-147E93CCEC73}.Release|Any CPU.ActiveCfg = Release|Any CPU
		{CF199FFA-A551-4E69-B849-147E93CCEC73}.Release|Any CPU.Build.0 = Release|Any CPU
	EndGlobalSection
	GlobalSection(SolutionProperties) = preSolution
		HideSolutionNode = FALSE
	EndGlobalSection
	GlobalSection(ExtensibilityGlobals) = postSolution
		SolutionGuid = {F6806DA6-8B14-4A56-8C62-7ABAFEC3A376}
	EndGlobalSection
EndGlobal
